<?xml version="1.0" encoding="utf-8"?>
<Project ToolsVersion="4.0" xmlns="http://schemas.microsoft.com/developer/msbuild/2003">
  <ItemGroup>
    <Filter Include="Engine">
      <UniqueIdentifier>{93995380-89BD-4b04-88EB-625FBE52EBFB}</UniqueIdentifier>
      <Extensions>h;hh;hpp;hxx;hm;inl;inc;xsd</Extensions>
    </Filter>
    <Filter Include="Engine\Multiplatform">
      <UniqueIdentifier>{3a622613-6a6f-48cb-aacf-df467efec1ed}</UniqueIdentifier>
    </Filter>
    <Filter Include="Engine\Multiplatform\Core">
      <UniqueIdentifier>{7b619455-8230-4507-a293-9e98c1b83a95}</UniqueIdentifier>
    </Filter>
    <Filter Include="Engine\Multiplatform\Core\Graphics">
      <UniqueIdentifier>{0b3cf2af-d911-4377-bb48-86e8c87c4c2f}</UniqueIdentifier>
    </Filter>
    <Filter Include="Engine\Multiplatform\Core\Debug">
      <UniqueIdentifier>{a64d713a-6d47-428f-8149-e067041191a4}</UniqueIdentifier>
    </Filter>
    <Filter Include="Engine\Multiplatform\Core\Input">
      <UniqueIdentifier>{059603ff-4125-4ec0-87df-ad3e69a0d801}</UniqueIdentifier>
    </Filter>
    <Filter Include="Engine\Multiplatform\Core\Math">
      <UniqueIdentifier>{41e6571a-e4ce-43fe-b55f-8af84b0fafe9}</UniqueIdentifier>
    </Filter>
    <Filter Include="Engine\Multiplatform\Core\System">
      <UniqueIdentifier>{711b0786-7e10-4c3d-9381-24c1d64ede4a}</UniqueIdentifier>
    </Filter>
    <Filter Include="Engine\Multiplatform\HighLevel">
      <UniqueIdentifier>{673920cd-4d04-4512-954e-ac2feebea4d9}</UniqueIdentifier>
    </Filter>
    <Filter Include="Engine\Multiplatform\HighLevel\Application">
      <UniqueIdentifier>{291bc704-a2d6-4255-994a-308fb0c749e8}</UniqueIdentifier>
    </Filter>
    <Filter Include="Engine\Win32">
      <UniqueIdentifier>{eacc1d18-645b-4fd1-a39e-b7ff0bbd29fb}</UniqueIdentifier>
    </Filter>
    <Filter Include="Engine\Win32\Core">
      <UniqueIdentifier>{cf14e806-5af9-440c-b132-1b1848d29cf5}</UniqueIdentifier>
    </Filter>
    <Filter Include="Engine\Win32\Core\Graphics">
      <UniqueIdentifier>{fa91ddc4-c8ff-4f55-8975-89bb337de74c}</UniqueIdentifier>
    </Filter>
    <Filter Include="Engine\Win32\HighLevel">
      <UniqueIdentifier>{f79856e4-96ff-4c44-b0fe-b8ac0ae1711f}</UniqueIdentifier>
    </Filter>
    <Filter Include="Engine\Win32\HighLevel\Application">
      <UniqueIdentifier>{45ba3527-070f-421d-b97e-295c69644e5d}</UniqueIdentifier>
    </Filter>
    <Filter Include="Engine\Multiplatform\Core\System\Type">
      <UniqueIdentifier>{d930554f-634c-4842-a1b3-5d1027f3d14e}</UniqueIdentifier>
    </Filter>
    <Filter Include="Engine\Multiplatform\Core\Math\Vectors">
      <UniqueIdentifier>{b5a0fb8b-3e26-4053-a8bc-693658c62997}</UniqueIdentifier>
    </Filter>
    <Filter Include="Engine\Win32\Core\Math">
      <UniqueIdentifier>{39762e9c-37d0-46fb-81a6-5032132e2fbe}</UniqueIdentifier>
    </Filter>
    <Filter Include="Engine\Win32\Core\Math\Vectors">
      <UniqueIdentifier>{f27ce8ae-c56a-45e2-9eb1-05258402be21}</UniqueIdentifier>
    </Filter>
    <Filter Include="Engine\Multiplatform\Core\StdInterface">
      <UniqueIdentifier>{397fb9ae-62b9-4da4-8ba1-49cf1418e838}</UniqueIdentifier>
    </Filter>
    <Filter Include="Engine\Multiplatform\HighLevel\Camera">
      <UniqueIdentifier>{f7be59a9-fc4b-4aac-a2f8-5bb6d3378f9b}</UniqueIdentifier>
    </Filter>
    <Filter Include="Engine\Multiplatform\HighLevel\Menu">
      <UniqueIdentifier>{39c83982-f285-463f-8eb5-578e0bfa0be6}</UniqueIdentifier>
    </Filter>
    <Filter Include="Engine\Multiplatform\HighLevel\Camera\Controller">
      <UniqueIdentifier>{9dfee89a-a489-40b6-817e-b886f071af9e}</UniqueIdentifier>
    </Filter>
    <Filter Include="Engine\Multiplatform\HighLevel\Graphics">
      <UniqueIdentifier>{2ff97016-42fd-4ee7-8f1c-d60cb45f29bf}</UniqueIdentifier>
    </Filter>
    <Filter Include="Engine\Multiplatform\Core\Math\Geometry">
      <UniqueIdentifier>{36f7184a-380e-4afe-bc7c-8a0d3d87a34e}</UniqueIdentifier>
    </Filter>
    <Filter Include="Engine\Multiplatform\Core\System\Hashing">
      <UniqueIdentifier>{7e617b4c-48bc-4b69-a113-ec8c17c79f45}</UniqueIdentifier>
    </Filter>
    <Filter Include="Engine\Multiplatform\HighLevel\Graphics\Factories">
      <UniqueIdentifier>{e7d0e61c-b4b3-4687-94d0-c1e85f36d4e4}</UniqueIdentifier>
    </Filter>
    <Filter Include="Engine\Win32\Core\Math\Geometry">
      <UniqueIdentifier>{170f2ff6-9578-40cd-a5f5-be89d6b9e146}</UniqueIdentifier>
    </Filter>
    <Filter Include="Engine\Win32\Core\Input">
      <UniqueIdentifier>{3c655a22-90cc-498b-929e-af75e9a774fc}</UniqueIdentifier>
    </Filter>
    <Filter Include="Engine\Win32\HighLevel\Camera">
      <UniqueIdentifier>{35fd64e2-8243-46bc-87f7-38eb889b997d}</UniqueIdentifier>
    </Filter>
    <Filter Include="Engine\Win32\HighLevel\Camera\Controller">
      <UniqueIdentifier>{c2c1542b-e50f-456c-98b6-e706802adcd4}</UniqueIdentifier>
    </Filter>
  </ItemGroup>
  <ItemGroup>
    <ClCompile Include="..\..\..\..\Multiplatform\Core\Graphics\Shader.cpp">
      <Filter>Engine\Multiplatform\Core\Graphics</Filter>
    </ClCompile>
    <ClCompile Include="..\..\..\..\Multiplatform\Core\Graphics\Renderer.cpp">
      <Filter>Engine\Multiplatform\Core\Graphics</Filter>
    </ClCompile>
    <ClCompile Include="..\..\..\..\Multiplatform\Core\Graphics\Camera.cpp">
      <Filter>Engine\Multiplatform\Core\Graphics</Filter>
    </ClCompile>
    <ClCompile Include="..\..\..\..\Multiplatform\HighLevel\Application\App.cpp">
      <Filter>Engine\Multiplatform\HighLevel\Application</Filter>
    </ClCompile>
    <ClCompile Include="..\..\..\Core\Graphics\DisplayDeviceInterface.cpp">
      <Filter>Engine\Win32\Core\Graphics</Filter>
    </ClCompile>
    <ClCompile Include="..\..\..\HighLevel\Application\WinApp.cpp">
      <Filter>Engine\Win32\HighLevel\Application</Filter>
    </ClCompile>
    <ClCompile Include="..\..\..\..\Multiplatform\Core\Graphics\VAORenderer.cpp">
      <Filter>Engine\Multiplatform\Core\Graphics</Filter>
    </ClCompile>
    <ClCompile Include="..\..\..\..\Multiplatform\Core\Graphics\ElementRenderer.cpp">
      <Filter>Engine\Multiplatform\Core\Graphics</Filter>
    </ClCompile>
    <ClCompile Include="..\..\..\..\Multiplatform\HighLevel\Camera\Controller\FPSCameraController.cpp">
      <Filter>Engine\Multiplatform\HighLevel\Camera\Controller</Filter>
    </ClCompile>
    <ClCompile Include="..\..\..\..\Multiplatform\Core\Graphics\PLYLoader.cpp">
      <Filter>Engine\Multiplatform\Core\Graphics</Filter>
    </ClCompile>
    <ClCompile Include="..\..\..\..\Multiplatform\Core\Graphics\VAOView.cpp">
      <Filter>Engine\Multiplatform\Core\Graphics</Filter>
    </ClCompile>
    <ClCompile Include="..\..\..\..\Multiplatform\Core\Math\Geometry\Transform.cpp">
      <Filter>Engine\Multiplatform\Core\Math\Geometry</Filter>
    </ClCompile>
    <ClCompile Include="..\..\..\..\Multiplatform\Core\Graphics\View.cpp">
      <Filter>Engine\Multiplatform\Core\Graphics</Filter>
    </ClCompile>
    <ClCompile Include="..\..\..\..\Multiplatform\Core\Graphics\ElementView.cpp">
      <Filter>Engine\Multiplatform\Core\Graphics</Filter>
    </ClCompile>
    <ClCompile Include="..\..\..\..\Multiplatform\HighLevel\Graphics\Factories\CubeFactory.cpp">
      <Filter>Engine\Multiplatform\HighLevel\Graphics\Factories</Filter>
    </ClCompile>
    <ClCompile Include="..\..\..\..\Multiplatform\HighLevel\Graphics\Factories\TriangleFactory.cpp">
      <Filter>Engine\Multiplatform\HighLevel\Graphics\Factories</Filter>
    </ClCompile>
    <ClCompile Include="..\..\..\..\Multiplatform\HighLevel\Graphics\Factories\ModelFactory.cpp">
      <Filter>Engine\Multiplatform\HighLevel\Graphics\Factories</Filter>
    </ClCompile>
    <ClCompile Include="..\..\..\..\Multiplatform\Core\Graphics\GraphicalEnumMappingFunctions.cpp">
      <Filter>Engine\Multiplatform\Core\Graphics</Filter>
    </ClCompile>
    <ClCompile Include="..\..\..\..\Multiplatform\Core\Graphics\GraphicsProgram.cpp">
      <Filter>Engine\Multiplatform\Core\Graphics</Filter>
    </ClCompile>
    <ClCompile Include="..\..\..\Core\Input\EventSystemInterface.cpp">
      <Filter>Engine\Win32\Core\Input</Filter>
    </ClCompile>
    <ClCompile Include="..\..\..\HighLevel\Camera\Controller\TempFPSCameraController.cpp">
      <Filter>Engine\Win32\HighLevel\Camera\Controller</Filter>
    </ClCompile>
    <ClCompile Include="..\..\..\..\Multiplatform\Core\Graphics\LightSource.cpp">
      <Filter>Engine\Multiplatform\Core\Graphics</Filter>
    </ClCompile>
    <ClCompile Include="..\..\..\..\Multiplatform\Core\Graphics\Color.cpp">
      <Filter>Engine\Multiplatform\Core\Graphics</Filter>
    </ClCompile>
    <ClCompile Include="..\..\..\..\Multiplatform\Core\Graphics\PositionalLightSource.cpp">
      <Filter>Engine\Multiplatform\Core\Graphics</Filter>
    </ClCompile>
    <ClCompile Include="..\..\..\..\Multiplatform\Core\Graphics\DirectionalLightSource.cpp">
      <Filter>Engine\Multiplatform\Core\Graphics</Filter>
    </ClCompile>
    <ClCompile Include="..\..\..\..\Multiplatform\Core\Graphics\Texture.cpp">
      <Filter>Engine\Multiplatform\Core\Graphics</Filter>
    </ClCompile>
    <ClCompile Include="..\..\..\..\Multiplatform\HighLevel\Graphics\Factories\PlanFactory.cpp">
      <Filter>Engine\Multiplatform\HighLevel\Graphics\Factories</Filter>
    </ClCompile>
  </ItemGroup>
  <ItemGroup>
    <ClInclude Include="..\..\..\..\Multiplatform\Core\Debug\NeptuneDebug.h">
      <Filter>Engine\Multiplatform\Core\Debug</Filter>
    </ClInclude>
    <ClInclude Include="..\..\..\..\Multiplatform\Core\Graphics\Camera.h">
      <Filter>Engine\Multiplatform\Core\Graphics</Filter>
    </ClInclude>
    <ClInclude Include="..\..\..\..\Multiplatform\Core\Graphics\Renderer.h">
      <Filter>Engine\Multiplatform\Core\Graphics</Filter>
    </ClInclude>
    <ClInclude Include="..\..\..\..\Multiplatform\Core\Graphics\Shader.h">
      <Filter>Engine\Multiplatform\Core\Graphics</Filter>
    </ClInclude>
    <ClInclude Include="..\..\..\..\Multiplatform\Core\Math\Math.h">
      <Filter>Engine\Multiplatform\Core\Math</Filter>
    </ClInclude>
    <ClInclude Include="..\..\..\..\Multiplatform\HighLevel\Application\App.h">
      <Filter>Engine\Multiplatform\HighLevel\Application</Filter>
    </ClInclude>
    <ClInclude Include="..\..\..\Core\Plateform.h">
      <Filter>Engine\Win32\Core</Filter>
    </ClInclude>
    <ClInclude Include="..\..\..\HighLevel\Application\WinApp.h">
      <Filter>Engine\Win32\HighLevel\Application</Filter>
    </ClInclude>
    <ClInclude Include="..\..\..\..\Multiplatform\Core\Graphics\DisplayDeviceInterface.h">
      <Filter>Engine\Multiplatform\Core\Graphics</Filter>
    </ClInclude>
    <ClInclude Include="..\..\..\..\Multiplatform\Core\System\Type\Integers.h">
      <Filter>Engine\Multiplatform\Core\System\Type</Filter>
    </ClInclude>
    <ClInclude Include="..\..\..\..\Multiplatform\Core\Math\Vectors\Mat2x3.h">
      <Filter>Engine\Multiplatform\Core\Math\Vectors</Filter>
    </ClInclude>
    <ClInclude Include="..\..\..\..\Multiplatform\Core\Math\Vectors\Mat2x4.h">
      <Filter>Engine\Multiplatform\Core\Math\Vectors</Filter>
    </ClInclude>
    <ClInclude Include="..\..\..\..\Multiplatform\Core\Math\Vectors\Mat3x2.h">
      <Filter>Engine\Multiplatform\Core\Math\Vectors</Filter>
    </ClInclude>
    <ClInclude Include="..\..\..\..\Multiplatform\Core\Math\Vectors\Mat3x4.h">
      <Filter>Engine\Multiplatform\Core\Math\Vectors</Filter>
    </ClInclude>
    <ClInclude Include="..\..\..\..\Multiplatform\Core\Math\Vectors\Mat4x2.h">
      <Filter>Engine\Multiplatform\Core\Math\Vectors</Filter>
    </ClInclude>
    <ClInclude Include="..\..\..\..\Multiplatform\Core\Math\Vectors\Mat4x3.h">
      <Filter>Engine\Multiplatform\Core\Math\Vectors</Filter>
    </ClInclude>
    <ClInclude Include="..\..\..\..\Multiplatform\Core\Math\Vectors\Vec2.h">
      <Filter>Engine\Multiplatform\Core\Math\Vectors</Filter>
    </ClInclude>
    <ClInclude Include="..\..\..\..\Multiplatform\Core\Math\Vectors\Vec3.h">
      <Filter>Engine\Multiplatform\Core\Math\Vectors</Filter>
    </ClInclude>
    <ClInclude Include="..\..\..\..\Multiplatform\Core\Math\Vectors\Vec4.h">
      <Filter>Engine\Multiplatform\Core\Math\Vectors</Filter>
    </ClInclude>
    <ClInclude Include="..\..\..\Core\Math\Vectors\Mat2Implementation.h">
      <Filter>Engine\Win32\Core\Math\Vectors</Filter>
    </ClInclude>
    <ClInclude Include="..\..\..\Core\Math\Vectors\Mat2x3Implementation.h">
      <Filter>Engine\Win32\Core\Math\Vectors</Filter>
    </ClInclude>
    <ClInclude Include="..\..\..\Core\Math\Vectors\Mat2x4Implementation.h">
      <Filter>Engine\Win32\Core\Math\Vectors</Filter>
    </ClInclude>
    <ClInclude Include="..\..\..\Core\Math\Vectors\Mat3Implementation.h">
      <Filter>Engine\Win32\Core\Math\Vectors</Filter>
    </ClInclude>
    <ClInclude Include="..\..\..\Core\Math\Vectors\Mat3x2Implementation.h">
      <Filter>Engine\Win32\Core\Math\Vectors</Filter>
    </ClInclude>
    <ClInclude Include="..\..\..\Core\Math\Vectors\Mat3x4Implementation.h">
      <Filter>Engine\Win32\Core\Math\Vectors</Filter>
    </ClInclude>
    <ClInclude Include="..\..\..\Core\Math\Vectors\Mat4Implementation.h">
      <Filter>Engine\Win32\Core\Math\Vectors</Filter>
    </ClInclude>
    <ClInclude Include="..\..\..\Core\Math\Vectors\Mat4x2Implementation.h">
      <Filter>Engine\Win32\Core\Math\Vectors</Filter>
    </ClInclude>
    <ClInclude Include="..\..\..\Core\Math\Vectors\Mat4x3Implementation.h">
      <Filter>Engine\Win32\Core\Math\Vectors</Filter>
    </ClInclude>
    <ClInclude Include="..\..\..\Core\Math\Vectors\Vec2Implementation.h">
      <Filter>Engine\Win32\Core\Math\Vectors</Filter>
    </ClInclude>
    <ClInclude Include="..\..\..\Core\Math\Vectors\Vec3Implementation.h">
      <Filter>Engine\Win32\Core\Math\Vectors</Filter>
    </ClInclude>
    <ClInclude Include="..\..\..\Core\Math\Vectors\Vec4Implementation.h">
      <Filter>Engine\Win32\Core\Math\Vectors</Filter>
    </ClInclude>
    <ClInclude Include="..\..\..\..\Multiplatform\Core\StdInterface\Updatable.h">
      <Filter>Engine\Multiplatform\Core\StdInterface</Filter>
    </ClInclude>
    <ClInclude Include="..\..\..\..\Multiplatform\Core\Graphics\VAORenderer.h">
      <Filter>Engine\Multiplatform\Core\Graphics</Filter>
    </ClInclude>
    <ClInclude Include="..\..\..\..\Multiplatform\Core\Graphics\IncludeOpenGL.h">
      <Filter>Engine\Multiplatform\Core\Graphics</Filter>
    </ClInclude>
    <ClInclude Include="..\..\..\..\Multiplatform\Core\Graphics\ElementRenderer.h">
      <Filter>Engine\Multiplatform\Core\Graphics</Filter>
    </ClInclude>
    <ClInclude Include="..\..\..\..\Multiplatform\HighLevel\Camera\Controller\FPSCameraController.h">
      <Filter>Engine\Multiplatform\HighLevel\Camera\Controller</Filter>
    </ClInclude>
    <ClInclude Include="..\..\..\..\Multiplatform\Core\Graphics\PLYLoader.h">
      <Filter>Engine\Multiplatform\Core\Graphics</Filter>
    </ClInclude>
    <ClInclude Include="..\..\..\..\Multiplatform\Core\Graphics\View.h">
      <Filter>Engine\Multiplatform\Core\Graphics</Filter>
    </ClInclude>
    <ClInclude Include="..\..\..\..\Multiplatform\Core\Graphics\VAOView.h">
      <Filter>Engine\Multiplatform\Core\Graphics</Filter>
    </ClInclude>
    <ClInclude Include="..\..\..\..\Multiplatform\Core\Graphics\ViewFactory.h">
      <Filter>Engine\Multiplatform\Core\Graphics</Filter>
    </ClInclude>
    <ClInclude Include="..\..\..\..\Multiplatform\Core\Math\Geometry\Transform.h">
      <Filter>Engine\Multiplatform\Core\Math\Geometry</Filter>
    </ClInclude>
    <ClInclude Include="..\..\..\..\Multiplatform\Core\System\Hashing\FastHashFunctions.h">
      <Filter>Engine\Multiplatform\Core\System\Hashing</Filter>
    </ClInclude>
    <ClInclude Include="..\..\..\..\Multiplatform\Core\Graphics\ElementView.h">
      <Filter>Engine\Multiplatform\Core\Graphics</Filter>
    </ClInclude>
    <ClInclude Include="..\..\..\..\Multiplatform\HighLevel\Graphics\Factories\CubeFactory.h">
      <Filter>Engine\Multiplatform\HighLevel\Graphics\Factories</Filter>
    </ClInclude>
    <ClInclude Include="..\..\..\..\Multiplatform\HighLevel\Graphics\Factories\TriangleFactory.h">
      <Filter>Engine\Multiplatform\HighLevel\Graphics\Factories</Filter>
    </ClInclude>
    <ClInclude Include="..\..\..\..\Multiplatform\HighLevel\Graphics\Factories\ModelFactory.h">
      <Filter>Engine\Multiplatform\HighLevel\Graphics\Factories</Filter>
    </ClInclude>
    <ClInclude Include="..\..\..\..\Multiplatform\Core\Math\Vectors\Mat4x4.h">
      <Filter>Engine\Multiplatform\Core\Math\Vectors</Filter>
    </ClInclude>
    <ClInclude Include="..\..\..\..\Multiplatform\Core\Math\Vectors\Mat3x3.h">
      <Filter>Engine\Multiplatform\Core\Math\Vectors</Filter>
    </ClInclude>
    <ClInclude Include="..\..\..\..\Multiplatform\Core\Math\Vectors\Mat2x2.h">
      <Filter>Engine\Multiplatform\Core\Math\Vectors</Filter>
    </ClInclude>
    <ClInclude Include="..\..\..\..\Multiplatform\Core\Math\Vectors\MatrixTransform.h">
      <Filter>Engine\Multiplatform\Core\Math\Vectors</Filter>
    </ClInclude>
    <ClInclude Include="..\..\..\Core\Math\Vectors\MatrixTransformImplementation.h">
      <Filter>Engine\Win32\Core\Math\Vectors</Filter>
    </ClInclude>
    <ClInclude Include="..\..\..\..\Multiplatform\Core\Math\Geometry\Trigonometry.h">
      <Filter>Engine\Multiplatform\Core\Math\Geometry</Filter>
    </ClInclude>
    <ClInclude Include="..\..\..\Core\Math\Geometry\TrigonometryImplementation.h">
      <Filter>Engine\Win32\Core\Math\Geometry</Filter>
    </ClInclude>
    <ClInclude Include="..\..\..\..\Multiplatform\Core\Graphics\GraphicalEnumMappingFunctions.h">
      <Filter>Engine\Multiplatform\Core\Graphics</Filter>
    </ClInclude>
    <ClInclude Include="..\..\..\..\Multiplatform\Core\Graphics\GraphicsProgram.h">
      <Filter>Engine\Multiplatform\Core\Graphics</Filter>
    </ClInclude>
    <ClInclude Include="..\..\..\..\Multiplatform\HighLevel\Camera\Controller\TempFPSCameraController.h">
      <Filter>Engine\Multiplatform\HighLevel\Camera\Controller</Filter>
    </ClInclude>
    <ClInclude Include="..\..\..\..\Multiplatform\Core\Input\EventSystemInterface.h">
      <Filter>Engine\Multiplatform\Core\Input</Filter>
    </ClInclude>
    <ClInclude Include="..\..\..\..\Multiplatform\Core\Input\InputSensitiveController.h">
      <Filter>Engine\Multiplatform\Core\Input</Filter>
    </ClInclude>
    <ClInclude Include="..\..\..\..\Multiplatform\Core\Graphics\LightSource.h">
      <Filter>Engine\Multiplatform\Core\Graphics</Filter>
    </ClInclude>
    <ClInclude Include="..\..\..\..\Multiplatform\Core\Graphics\Color.h">
      <Filter>Engine\Multiplatform\Core\Graphics</Filter>
    </ClInclude>
    <ClInclude Include="..\..\..\..\Multiplatform\Core\Graphics\PositionalLightSource.h">
      <Filter>Engine\Multiplatform\Core\Graphics</Filter>
    </ClInclude>
    <ClInclude Include="..\..\..\..\Multiplatform\Core\Graphics\DirectionalLightSource.h">
      <Filter>Engine\Multiplatform\Core\Graphics</Filter>
    </ClInclude>
    <ClInclude Include="..\..\..\..\Multiplatform\Core\Graphics\AmbientLight.h">
      <Filter>Engine\Multiplatform\Core\Graphics</Filter>
    </ClInclude>
    <ClInclude Include="..\..\..\..\Multiplatform\Core\Graphics\UniformVarNames.h">
      <Filter>Engine\Multiplatform\Core\Graphics</Filter>
    </ClInclude>
    <ClInclude Include="..\..\..\..\Multiplatform\Core\Graphics\Texture.h">
      <Filter>Engine\Multiplatform\Core\Graphics</Filter>
    </ClInclude>
    <ClInclude Include="..\..\..\..\Multiplatform\HighLevel\Graphics\Factories\PlanFactory.h">
      <Filter>Engine\Multiplatform\HighLevel\Graphics\Factories</Filter>
    </ClInclude>
  </ItemGroup>
</Project>